<?xml version="1.0" encoding="utf-8"?>
<Project ToolsVersion="15.0" xmlns="http://schemas.microsoft.com/developer/msbuild/2003">
  <ItemGroup>
    <CustomBuild Include="D:\02Code\cyclone\winprj\CMakeFiles\a7539ded97e0663f397135738a0a681a\INSTALL_force.rule">
      <Filter>CMake Rules</Filter>
    </CustomBuild>
  </ItemGroup>
  <ItemGroup>
    <Filter Include="CMake Rules">
      <UniqueIdentifier>{4F171B0A-B69D-3788-A125-2CAB3D670D61}</UniqueIdentifier>
    </Filter>
  </ItemGroup>
</Project>
